{
    "_meta": {
        "hash": {
            "sha256": "24601912458a5829ddafcea95868fae6bee30e7ff564e987c4b8c8de4fd2095d"
        },
        "pipfile-spec": 6,
        "requires": {
            "python_version": "3.7"
        },
        "sources": [
            {
                "name": "pypi",
                "url": "https://pypi.python.org/simple",
                "verify_ssl": true
            }
        ]
    },
    "default": {
        "bresenham": {
            "hashes": [
                "sha256:c076b8bf730adb65cc5037d26639a5629dd63f6c1481d80b6856c99d47a1c6bf"
            ],
            "index": "pypi",
            "version": "==0.2.1"
        },
        "more-itertools": {
            "hashes": [
                "sha256:b84b238cce0d9adad5ed87e745778d20a3f8487d0f0cb8b8a586816c7496458d",
                "sha256:c833ef592a0324bcc6a60e48440da07645063c453880c9477ceb22490aec1564"
            ],
            "index": "pypi",
            "version": "==8.0.2"
        }
    },
    "develop": {}
}
