{
    "_meta": {
        "hash": {
            "sha256": "aca6e5baff023160fa08992c250b714620ccc0c3a2d60297753b73e60d642691"
        },
        "pipfile-spec": 6,
        "requires": {
            "python_version": "3.7"
        },
        "sources": [
            {
                "name": "pypi",
                "url": "https://pypi.python.org/simple",
                "verify_ssl": true
            }
        ]
    },
    "default": {
        "bresenham": {
            "hashes": [
                "sha256:c076b8bf730adb65cc5037d26639a5629dd63f6c1481d80b6856c99d47a1c6bf"
            ],
            "index": "pypi",
            "version": "==0.2.1"
        }
    },
    "develop": {}
}
